
Microsoft Visual Studio Solution File, Format Version 12.00
# Visual Studio Version 17
VisualStudioVersion = 17.14.36414.22 d17.14
MinimumVisualStudioVersion = 10.0.40219.1
Project("{FAE04EC0-301F-11D3-BF4B-00C04F79EFBC}") = "DzenCodeTest", "DzenCodeTest.csproj", "{3C124FA7-07FF-42A5-A5F8-3642DF291151}"
EndProject
Project("{FAE04EC0-301F-11D3-BF4B-00C04F79EFBC}") = "DzenCode.Common", "..\DzenCode.Common\DzenCode.Common.csproj", "{D1AAEEF7-8DBD-4E9F-B439-D852CF37CE08}"
EndProject
Project("{FAE04EC0-301F-11D3-BF4B-00C04F79EFBC}") = "DzenCode.BLL", "..\DzenCode.BLL\DzenCode.BLL.csproj", "{397DD13A-FEB6-4CE9-83E8-BF68620FD47D}"
EndProject
Project("{FAE04EC0-301F-11D3-BF4B-00C04F79EFBC}") = "DzenCode.DAL", "..\DzenCode.DAL\DzenCode.DAL.csproj", "{345CBEBB-2061-4535-BB72-B835D56AEDC4}"
EndProject
Global
	GlobalSection(SolutionConfigurationPlatforms) = preSolution
		Debug|Any CPU = Debug|Any CPU
		Release|Any CPU = Release|Any CPU
	EndGlobalSection
	GlobalSection(ProjectConfigurationPlatforms) = postSolution
		{3C124FA7-07FF-42A5-A5F8-3642DF291151}.Debug|Any CPU.ActiveCfg = Debug|Any CPU
		{3C124FA7-07FF-42A5-A5F8-3642DF291151}.Debug|Any CPU.Build.0 = Debug|Any CPU
		{3C124FA7-07FF-42A5-A5F8-3642DF291151}.Release|Any CPU.ActiveCfg = Release|Any CPU
		{3C124FA7-07FF-42A5-A5F8-3642DF291151}.Release|Any CPU.Build.0 = Release|Any CPU
		{D1AAEEF7-8DBD-4E9F-B439-D852CF37CE08}.Debug|Any CPU.ActiveCfg = Debug|Any CPU
		{D1AAEEF7-8DBD-4E9F-B439-D852CF37CE08}.Debug|Any CPU.Build.0 = Debug|Any CPU
		{D1AAEEF7-8DBD-4E9F-B439-D852CF37CE08}.Release|Any CPU.ActiveCfg = Release|Any CPU
		{D1AAEEF7-8DBD-4E9F-B439-D852CF37CE08}.Release|Any CPU.Build.0 = Release|Any CPU
		{397DD13A-FEB6-4CE9-83E8-BF68620FD47D}.Debug|Any CPU.ActiveCfg = Debug|Any CPU
		{397DD13A-FEB6-4CE9-83E8-BF68620FD47D}.Debug|Any CPU.Build.0 = Debug|Any CPU
		{397DD13A-FEB6-4CE9-83E8-BF68620FD47D}.Release|Any CPU.ActiveCfg = Release|Any CPU
		{397DD13A-FEB6-4CE9-83E8-BF68620FD47D}.Release|Any CPU.Build.0 = Release|Any CPU
		{345CBEBB-2061-4535-BB72-B835D56AEDC4}.Debug|Any CPU.ActiveCfg = Debug|Any CPU
		{345CBEBB-2061-4535-BB72-B835D56AEDC4}.Debug|Any CPU.Build.0 = Debug|Any CPU
		{345CBEBB-2061-4535-BB72-B835D56AEDC4}.Release|Any CPU.ActiveCfg = Release|Any CPU
		{345CBEBB-2061-4535-BB72-B835D56AEDC4}.Release|Any CPU.Build.0 = Release|Any CPU
	EndGlobalSection
	GlobalSection(SolutionProperties) = preSolution
		HideSolutionNode = FALSE
	EndGlobalSection
	GlobalSection(ExtensibilityGlobals) = postSolution
		SolutionGuid = {A6D184B5-366C-4BAF-BD51-C2EC7C2D169C}
	EndGlobalSection
EndGlobal
